
Microsoft Visual Studio Solution File, Format Version 12.00
# Visual Studio 15
VisualStudioVersion = 15.0.28307.329
MinimumVisualStudioVersion = 10.0.40219.1
Project("{F184B08F-C81C-45F6-A57F-5ABD9991F28F}") = "Homework.2", "Homework.2\Homework.2.vbproj", "{8D91CD7C-FB8E-4396-9A49-97F5522D3DB1}"
EndProject
Global
	GlobalSection(SolutionConfigurationPlatforms) = preSolution
		Debug|Any CPU = Debug|Any CPU
		Release|Any CPU = Release|Any CPU
	EndGlobalSection
	GlobalSection(ProjectConfigurationPlatforms) = postSolution
		{8D91CD7C-FB8E-4396-9A49-97F5522D3DB1}.Debug|Any CPU.ActiveCfg = Debug|Any CPU
		{8D91CD7C-FB8E-4396-9A49-97F5522D3DB1}.Debug|Any CPU.Build.0 = Debug|Any CPU
		{8D91CD7C-FB8E-4396-9A49-97F5522D3DB1}.Release|Any CPU.ActiveCfg = Release|Any CPU
		{8D91CD7C-FB8E-4396-9A49-97F5522D3DB1}.Release|Any CPU.Build.0 = Release|Any CPU
	EndGlobalSection
	GlobalSection(SolutionProperties) = preSolution
		HideSolutionNode = FALSE
	EndGlobalSection
	GlobalSection(ExtensibilityGlobals) = postSolution
		SolutionGuid = {8CA2FDAF-1B0C-4585-ADE2-FA4E0F07B6E6}
	EndGlobalSection
EndGlobal
